
Microsoft Visual Studio Solution File, Format Version 12.00
# Visual Studio Version 16
VisualStudioVersion = 16.0.31702.278
MinimumVisualStudioVersion = 10.0.40219.1
Project("{FAE04EC0-301F-11D3-BF4B-00C04F79EFBC}") = "Sportpad", "Sportpad.csproj", "{2D36C6B5-C79F-4B95-9FF5-C553448DD938}"
EndProject
Global
	GlobalSection(SolutionConfigurationPlatforms) = preSolution
		Debug|Any CPU = Debug|Any CPU
		Release|Any CPU = Release|Any CPU
	EndGlobalSection
	GlobalSection(ProjectConfigurationPlatforms) = postSolution
		{2D36C6B5-C79F-4B95-9FF5-C553448DD938}.Debug|Any CPU.ActiveCfg = Debug|Any CPU
		{2D36C6B5-C79F-4B95-9FF5-C553448DD938}.Debug|Any CPU.Build.0 = Debug|Any CPU
		{2D36C6B5-C79F-4B95-9FF5-C553448DD938}.Release|Any CPU.ActiveCfg = Release|Any CPU
		{2D36C6B5-C79F-4B95-9FF5-C553448DD938}.Release|Any CPU.Build.0 = Release|Any CPU
	EndGlobalSection
	GlobalSection(SolutionProperties) = preSolution
		HideSolutionNode = FALSE
	EndGlobalSection
	GlobalSection(ExtensibilityGlobals) = postSolution
		SolutionGuid = {CB8C1B26-9E2B-488E-946C-E6154C5944EF}
	EndGlobalSection
EndGlobal
